
Microsoft Visual Studio Solution File, Format Version 12.00
Project("{FAE04EC0-301F-11D3-BF4B-00C04F79EFBC}") = "ConsoleApp1", "ConsoleApp1\ConsoleApp1.csproj", "{D8A8ECC0-DE28-4445-B893-A7BD97E0243D}"
EndProject
Global
	GlobalSection(SolutionConfigurationPlatforms) = preSolution
		Debug|Any CPU = Debug|Any CPU
		Release|Any CPU = Release|Any CPU
	EndGlobalSection
	GlobalSection(ProjectConfigurationPlatforms) = postSolution
		{D8A8ECC0-DE28-4445-B893-A7BD97E0243D}.Debug|Any CPU.ActiveCfg = Debug|Any CPU
		{D8A8ECC0-DE28-4445-B893-A7BD97E0243D}.Debug|Any CPU.Build.0 = Debug|Any CPU
		{D8A8ECC0-DE28-4445-B893-A7BD97E0243D}.Release|Any CPU.ActiveCfg = Release|Any CPU
		{D8A8ECC0-DE28-4445-B893-A7BD97E0243D}.Release|Any CPU.Build.0 = Release|Any CPU
	EndGlobalSection
EndGlobal
